
Microsoft Visual Studio Solution File, Format Version 12.00
# Visual Studio 15
VisualStudioVersion = 15.0.27004.2005
MinimumVisualStudioVersion = 10.0.40219.1
Project("{FAE04EC0-301F-11D3-BF4B-00C04F79EFBC}") = "Montadoras", "Montadoras\Montadoras.csproj", "{A73E9BF8-5F99-4275-AF66-7DE423DAC1EC}"
EndProject
Global
	GlobalSection(SolutionConfigurationPlatforms) = preSolution
		Debug|Any CPU = Debug|Any CPU
		Release|Any CPU = Release|Any CPU
	EndGlobalSection
	GlobalSection(ProjectConfigurationPlatforms) = postSolution
		{A73E9BF8-5F99-4275-AF66-7DE423DAC1EC}.Debug|Any CPU.ActiveCfg = Debug|Any CPU
		{A73E9BF8-5F99-4275-AF66-7DE423DAC1EC}.Debug|Any CPU.Build.0 = Debug|Any CPU
		{A73E9BF8-5F99-4275-AF66-7DE423DAC1EC}.Release|Any CPU.ActiveCfg = Release|Any CPU
		{A73E9BF8-5F99-4275-AF66-7DE423DAC1EC}.Release|Any CPU.Build.0 = Release|Any CPU
	EndGlobalSection
	GlobalSection(SolutionProperties) = preSolution
		HideSolutionNode = FALSE
	EndGlobalSection
	GlobalSection(ExtensibilityGlobals) = postSolution
		SolutionGuid = {4BE8299A-5C54-4043-B3CF-66AD6053143B}
	EndGlobalSection
EndGlobal
